// !$*UTF8*$!
{
	archiveVersion = 1;
	classes = {
	};
	objectVersion = 46;
	objects = {

/* Begin PBXBuildFile section */
		D32471CC1C1B0BA300747E5B /* AppDelegate.swift in Sources */ = {isa = PBXBuildFile; fileRef = D32471CB1C1B0BA300747E5B /* AppDelegate.swift */; };
		D32471CE1C1B0BA300747E5B /* ViewController.swift in Sources */ = {isa = PBXBuildFile; fileRef = D32471CD1C1B0BA300747E5B /* ViewController.swift */; };
		D32471D11C1B0BA300747E5B /* Main.storyboard in Resources */ = {isa = PBXBuildFile; fileRef = D32471CF1C1B0BA300747E5B /* Main.storyboard */; };
		D32471D31C1B0BA300747E5B /* Assets.xcassets in Resources */ = {isa = PBXBuildFile; fileRef = D32471D21C1B0BA300747E5B /* Assets.xcassets */; };
		D32471D61C1B0BA300747E5B /* LaunchScreen.storyboard in Resources */ = {isa = PBXBuildFile; fileRef = D32471D41C1B0BA300747E5B /* LaunchScreen.storyboard */; };
		D32471E11C1B0BA300747E5B /* StackView1Tests.swift in Sources */ = {isa = PBXBuildFile; fileRef = D32471E01C1B0BA300747E5B /* StackView1Tests.swift */; };
		D32471EC1C1B0BA300747E5B /* StackView1UITests.swift in Sources */ = {isa = PBXBuildFile; fileRef = D32471EB1C1B0BA300747E5B /* StackView1UITests.swift */; };
/* End PBXBuildFile section */

/* Begin PBXContainerItemProxy section */
		D32471DD1C1B0BA300747E5B /* PBXContainerItemProxy */ = {
			isa = PBXContainerItemProxy;
			containerPortal = D32471C01C1B0BA300747E5B /* Project object */;
			proxyType = 1;
			remoteGlobalIDString = D32471C71C1B0BA300747E5B;
			remoteInfo = StackView1;
		};
		D32471E81C1B0BA300747E5B /* PBXContainerItemProxy */ = {
			isa = PBXContainerItemProxy;
			containerPortal = D32471C01C1B0BA300747E5B /* Project object */;
			proxyType = 1;
			remoteGlobalIDString = D32471C71C1B0BA300747E5B;
			remoteInfo = StackView1;
		};
/* End PBXContainerItemProxy section */

/* Begin PBXFileReference section */
		D32471C81C1B0BA300747E5B /* StackView1.app */ = {isa = PBXFileReference; explicitFileType = wrapper.application; includeInIndex = 0; path = StackView1.app; sourceTree = BUILT_PRODUCTS_DIR; };
		D32471CB1C1B0BA300747E5B /* AppDelegate.swift */ = {isa = PBXFileReference; lastKnownFileType = sourcecode.swift; path = AppDelegate.swift; sourceTree = "<group>"; };
		D32471CD1C1B0BA300747E5B /* ViewController.swift */ = {isa = PBXFileReference; lastKnownFileType = sourcecode.swift; path = ViewController.swift; sourceTree = "<group>"; };
		D32471D01C1B0BA300747E5B /* Base */ = {isa = PBXFileReference; lastKnownFileType = file.storyboard; name = Base; path = Base.lproj/Main.storyboard; sourceTree = "<group>"; };
		D32471D21C1B0BA300747E5B /* Assets.xcassets */ = {isa = PBXFileReference; lastKnownFileType = folder.assetcatalog; path = Assets.xcassets; sourceTree = "<group>"; };
		D32471D51C1B0BA300747E5B /* Base */ = {isa = PBXFileReference; lastKnownFileType = file.storyboard; name = Base; path = Base.lproj/LaunchScreen.storyboard; sourceTree = "<group>"; };
		D32471D71C1B0BA300747E5B /* Info.plist */ = {isa = PBXFileReference; lastKnownFileType = text.plist.xml; path = Info.plist; sourceTree = "<group>"; };
		D32471DC1C1B0BA300747E5B /* StackView1Tests.xctest */ = {isa = PBXFileReference; explicitFileType = wrapper.cfbundle; includeInIndex = 0; path = StackView1Tests.xctest; sourceTree = BUILT_PRODUCTS_DIR; };
		D32471E01C1B0BA300747E5B /* StackView1Tests.swift */ = {isa = PBXFileReference; lastKnownFileType = sourcecode.swift; path = StackView1Tests.swift; sourceTree = "<group>"; };
		D32471E21C1B0BA300747E5B /* Info.plist */ = {isa = PBXFileReference; lastKnownFileType = text.plist.xml; path = Info.plist; sourceTree = "<group>"; };
		D32471E71C1B0BA300747E5B /* StackView1UITests.xctest */ = {isa = PBXFileReference; explicitFileType = wrapper.cfbundle; includeInIndex = 0; path = StackView1UITests.xctest; sourceTree = BUILT_PRODUCTS_DIR; };
		D32471EB1C1B0BA300747E5B /* StackView1UITests.swift */ = {isa = PBXFileReference; lastKnownFileType = sourcecode.swift; path = StackView1UITests.swift; sourceTree = "<group>"; };
		D32471ED1C1B0BA300747E5B /* Info.plist */ = {isa = PBXFileReference; lastKnownFileType = text.plist.xml; path = Info.plist; sourceTree = "<group>"; };
/* End PBXFileReference section */

/* Begin PBXFrameworksBuildPhase section */
		D32471C51C1B0BA300747E5B /* Frameworks */ = {
			isa = PBXFrameworksBuildPhase;
			buildActionMask = 2147483647;
			files = (
			);
			runOnlyForDeploymentPostprocessing = 0;
		};
		D32471D91C1B0BA300747E5B /* Frameworks */ = {
			isa = PBXFrameworksBuildPhase;
			buildActionMask = 2147483647;
			files = (
			);
			runOnlyForDeploymentPostprocessing = 0;
		};
		D32471E41C1B0BA300747E5B /* Frameworks */ = {
			isa = PBXFrameworksBuildPhase;
			buildActionMask = 2147483647;
			files = (
			);
			runOnlyForDeploymentPostprocessing = 0;
		};
/* End PBXFrameworksBuildPhase section */

/* Begin PBXGroup section */
		D32471BF1C1B0BA300747E5B = {
			isa = PBXGroup;
			children = (
				D32471CA1C1B0BA300747E5B /* StackView1 */,
				D32471DF1C1B0BA300747E5B /* StackView1Tests */,
				D32471EA1C1B0BA300747E5B /* StackView1UITests */,
				D32471C91C1B0BA300747E5B /* Products */,
			);
			sourceTree = "<group>";
		};
		D32471C91C1B0BA300747E5B /* Products */ = {
			isa = PBXGroup;
			children = (
				D32471C81C1B0BA300747E5B /* StackView1.app */,
				D32471DC1C1B0BA300747E5B /* StackView1Tests.xctest */,
				D32471E71C1B0BA300747E5B /* StackView1UITests.xctest */,
			);
			name = Products;
			sourceTree = "<group>";
		};
		D32471CA1C1B0BA300747E5B /* StackView1 */ = {
			isa = PBXGroup;
			children = (
				D32471CB1C1B0BA300747E5B /* AppDelegate.swift */,
				D32471CD1C1B0BA300747E5B /* ViewController.swift */,
				D32471CF1C1B0BA300747E5B /* Main.storyboard */,
				D32471D21C1B0BA300747E5B /* Assets.xcassets */,
				D32471D41C1B0BA300747E5B /* LaunchScreen.storyboard */,
				D32471D71C1B0BA300747E5B /* Info.plist */,
			);
			path = StackView1;
			sourceTree = "<group>";
		};
		D32471DF1C1B0BA300747E5B /* StackView1Tests */ = {
			isa = PBXGroup;
			children = (
				D32471E01C1B0BA300747E5B /* StackView1Tests.swift */,
				D32471E21C1B0BA300747E5B /* Info.plist */,
			);
			path = StackView1Tests;
			sourceTree = "<group>";
		};
		D32471EA1C1B0BA300747E5B /* StackView1UITests */ = {
			isa = PBXGroup;
			children = (
				D32471EB1C1B0BA300747E5B /* StackView1UITests.swift */,
				D32471ED1C1B0BA300747E5B /* Info.plist */,
			);
			path = StackView1UITests;
			sourceTree = "<group>";
		};
/* End PBXGroup section */

/* Begin PBXNativeTarget section */
		D32471C71C1B0BA300747E5B /* StackView1 */ = {
			isa = PBXNativeTarget;
			buildConfigurationList = D32471F01C1B0BA300747E5B /* Build configuration list for PBXNativeTarget "StackView1" */;
			buildPhases = (
				D32471C41C1B0BA300747E5B /* Sources */,
				D32471C51C1B0BA300747E5B /* Frameworks */,
				D32471C61C1B0BA300747E5B /* Resources */,
			);
			buildRules = (
			);
			dependencies = (
			);
			name = StackView1;
			productName = StackView1;
			productReference = D32471C81C1B0BA300747E5B /* StackView1.app */;
			productType = "com.apple.product-type.application";
		};
		D32471DB1C1B0BA300747E5B /* StackView1Tests */ = {
			isa = PBXNativeTarget;
			buildConfigurationList = D32471F31C1B0BA300747E5B /* Build configuration list for PBXNativeTarget "StackView1Tests" */;
			buildPhases = (
				D32471D81C1B0BA300747E5B /* Sources */,
				D32471D91C1B0BA300747E5B /* Frameworks */,
				D32471DA1C1B0BA300747E5B /* Resources */,
			);
			buildRules = (
			);
			dependencies = (
				D32471DE1C1B0BA300747E5B /* PBXTargetDependency */,
			);
			name = StackView1Tests;
			productName = StackView1Tests;
			productReference = D32471DC1C1B0BA300747E5B /* StackView1Tests.xctest */;
			productType = "com.apple.product-type.bundle.unit-test";
		};
		D32471E61C1B0BA300747E5B /* StackView1UITests */ = {
			isa = PBXNativeTarget;
			buildConfigurationList = D32471F61C1B0BA300747E5B /* Build configuration list for PBXNativeTarget "StackView1UITests" */;
			buildPhases = (
				D32471E31C1B0BA300747E5B /* Sources */,
				D32471E41C1B0BA300747E5B /* Frameworks */,
				D32471E51C1B0BA300747E5B /* Resources */,
			);
			buildRules = (
			);
			dependencies = (
				D32471E91C1B0BA300747E5B /* PBXTargetDependency */,
			);
			name = StackView1UITests;
			productName = StackView1UITests;
			productReference = D32471E71C1B0BA300747E5B /* StackView1UITests.xctest */;
			productType = "com.apple.product-type.bundle.ui-testing";
		};
/* End PBXNativeTarget section */

/* Begin PBXProject section */
		D32471C01C1B0BA300747E5B /* Project object */ = {
			isa = PBXProject;
			attributes = {
				LastSwiftUpdateCheck = 0720;
				LastUpgradeCheck = 0720;
				ORGANIZATIONNAME = kongyunpeng;
				TargetAttributes = {
					D32471C71C1B0BA300747E5B = {
						CreatedOnToolsVersion = 7.2;
					};
					D32471DB1C1B0BA300747E5B = {
						CreatedOnToolsVersion = 7.2;
						TestTargetID = D32471C71C1B0BA300747E5B;
					};
					D32471E61C1B0BA300747E5B = {
						CreatedOnToolsVersion = 7.2;
						TestTargetID = D32471C71C1B0BA300747E5B;
					};
				};
			};
			buildConfigurationList = D32471C31C1B0BA300747E5B /* Build configuration list for PBXProject "StackView1" */;
			compatibilityVersion = "Xcode 3.2";
			developmentRegion = English;
			hasScannedForEncodings = 0;
			knownRegions = (
				en,
				Base,
			);
			mainGroup = D32471BF1C1B0BA300747E5B;
			productRefGroup = D32471C91C1B0BA300747E5B /* Products */;
			projectDirPath = "";
			projectRoot = "";
			targets = (
				D32471C71C1B0BA300747E5B /* StackView1 */,
				D32471DB1C1B0BA300747E5B /* StackView1Tests */,
				D32471E61C1B0BA300747E5B /* StackView1UITests */,
			);
		};
/* End PBXProject section */

/* Begin PBXResourcesBuildPhase section */
		D32471C61C1B0BA300747E5B /* Resources */ = {
			isa = PBXResourcesBuildPhase;
			buildActionMask = 2147483647;
			files = (
				D32471D61C1B0BA300747E5B /* LaunchScreen.storyboard in Resources */,
				D32471D31C1B0BA300747E5B /* Assets.xcassets in Resources */,
				D32471D11C1B0BA300747E5B /* Main.storyboard in Resources */,
			);
			runOnlyForDeploymentPostprocessing = 0;
		};
		D32471DA1C1B0BA300747E5B /* Resources */ = {
			isa = PBXResourcesBuildPhase;
			buildActionMask = 2147483647;
			files = (
			);
			runOnlyForDeploymentPostprocessing = 0;
		};
		D32471E51C1B0BA300747E5B /* Resources */ = {
			isa = PBXResourcesBuildPhase;
			buildActionMask = 2147483647;
			files = (
			);
			runOnlyForDeploymentPostprocessing = 0;
		};
/* End PBXResourcesBuildPhase section */

/* Begin PBXSourcesBuildPhase section */
		D32471C41C1B0BA300747E5B /* Sources */ = {
			isa = PBXSourcesBuildPhase;
			buildActionMask = 2147483647;
			files = (
				D32471CE1C1B0BA300747E5B /* ViewController.swift in Sources */,
				D32471CC1C1B0BA300747E5B /* AppDelegate.swift in Sources */,
			);
			runOnlyForDeploymentPostprocessing = 0;
		};
		D32471D81C1B0BA300747E5B /* Sources */ = {
			isa = PBXSourcesBuildPhase;
			buildActionMask = 2147483647;
			files = (
				D32471E11C1B0BA300747E5B /* StackView1Tests.swift in Sources */,
			);
			runOnlyForDeploymentPostprocessing = 0;
		};
		D32471E31C1B0BA300747E5B /* Sources */ = {
			isa = PBXSourcesBuildPhase;
			buildActionMask = 2147483647;
			files = (
				D32471EC1C1B0BA300747E5B /* StackView1UITests.swift in Sources */,
			);
			runOnlyForDeploymentPostprocessing = 0;
		};
/* End PBXSourcesBuildPhase section */

/* Begin PBXTargetDependency section */
		D32471DE1C1B0BA300747E5B /* PBXTargetDependency */ = {
			isa = PBXTargetDependency;
			target = D32471C71C1B0BA300747E5B /* StackView1 */;
			targetProxy = D32471DD1C1B0BA300747E5B /* PBXContainerItemProxy */;
		};
		D32471E91C1B0BA300747E5B /* PBXTargetDependency */ = {
			isa = PBXTargetDependency;
			target = D32471C71C1B0BA300747E5B /* StackView1 */;
			targetProxy = D32471E81C1B0BA300747E5B /* PBXContainerItemProxy */;
		};
/* End PBXTargetDependency section */

/* Begin PBXVariantGroup section */
		D32471CF1C1B0BA300747E5B /* Main.storyboard */ = {
			isa = PBXVariantGroup;
			children = (
				D32471D01C1B0BA300747E5B /* Base */,
			);
			name = Main.storyboard;
			sourceTree = "<group>";
		};
		D32471D41C1B0BA300747E5B /* LaunchScreen.storyboard */ = {
			isa = PBXVariantGroup;
			children = (
				D32471D51C1B0BA300747E5B /* Base */,
			);
			name = LaunchScreen.storyboard;
			sourceTree = "<group>";
		};
/* End PBXVariantGroup section */

/* Begin XCBuildConfiguration section */
		D32471EE1C1B0BA300747E5B /* Debug */ = {
			isa = XCBuildConfiguration;
			buildSettings = {
				ALWAYS_SEARCH_USER_PATHS = NO;
				CLANG_CXX_LANGUAGE_STANDARD = "gnu++0x";
				CLANG_CXX_LIBRARY = "libc++";
				CLANG_ENABLE_MODULES = YES;
				CLANG_ENABLE_OBJC_ARC = YES;
				CLANG_WARN_BOOL_CONVERSION = YES;
				CLANG_WARN_CONSTANT_CONVERSION = YES;
				CLANG_WARN_DIRECT_OBJC_ISA_USAGE = YES_ERROR;
				CLANG_WARN_EMPTY_BODY = YES;
				CLANG_WARN_ENUM_CONVERSION = YES;
				CLANG_WARN_INT_CONVERSION = YES;
				CLANG_WARN_OBJC_ROOT_CLASS = YES_ERROR;
				CLANG_WARN_UNREACHABLE_CODE = YES;
				CLANG_WARN__DUPLICATE_METHOD_MATCH = YES;
				"CODE_SIGN_IDENTITY[sdk=iphoneos*]" = "iPhone Developer";
				COPY_PHASE_STRIP = NO;
				DEBUG_INFORMATION_FORMAT = dwarf;
				ENABLE_STRICT_OBJC_MSGSEND = YES;
				ENABLE_TESTABILITY = YES;
				GCC_C_LANGUAGE_STANDARD = gnu99;
				GCC_DYNAMIC_NO_PIC = NO;
				GCC_NO_COMMON_BLOCKS = YES;
				GCC_OPTIMIZATION_LEVEL = 0;
				GCC_PREPROCESSOR_DEFINITIONS = (
					"DEBUG=1",
					"$(inherited)",
				);
				GCC_WARN_64_TO_32_BIT_CONVERSION = YES;
				GCC_WARN_ABOUT_RETURN_TYPE = YES_ERROR;
				GCC_WARN_UNDECLARED_SELECTOR = YES;
				GCC_WARN_UNINITIALIZED_AUTOS = YES_AGGRESSIVE;
				GCC_WARN_UNUSED_FUNCTION = YES;
				GCC_WARN_UNUSED_VARIABLE = YES;
				IPHONEOS_DEPLOYMENT_TARGET = 9.2;
				MTL_ENABLE_DEBUG_INFO = YES;
				ONLY_ACTIVE_ARCH = YES;
				SDKROOT = iphoneos;
				SWIFT_OPTIMIZATION_LEVEL = "-Onone";
				TARGETED_DEVICE_FAMILY = "1,2";
			};
			name = Debug;
		};
		D32471EF1C1B0BA300747E5B /* Release */ = {
			isa = XCBuildConfiguration;
			buildSettings = {
				ALWAYS_SEARCH_USER_PATHS = NO;
				CLANG_CXX_LANGUAGE_STANDARD = "gnu++0x";
				CLANG_CXX_LIBRARY = "libc++";
				CLANG_ENABLE_MODULES = YES;
				CLANG_ENABLE_OBJC_ARC = YES;
				CLANG_WARN_BOOL_CONVERSION = YES;
				CLANG_WARN_CONSTANT_CONVERSION = YES;
				CLANG_WARN_DIRECT_OBJC_ISA_USAGE = YES_ERROR;
				CLANG_WARN_EMPTY_BODY = YES;
				CLANG_WARN_ENUM_CONVERSION = YES;
				CLANG_WARN_INT_CONVERSION = YES;
				CLANG_WARN_OBJC_ROOT_CLASS = YES_ERROR;
				CLANG_WARN_UNREACHABLE_CODE = YES;
				CLANG_WARN__DUPLICATE_METHOD_MATCH = YES;
				"CODE_SIGN_IDENTITY[sdk=iphoneos*]" = "iPhone Developer";
				COPY_PHASE_STRIP = NO;
				DEBUG_INFORMATION_FORMAT = "dwarf-with-dsym";
				ENABLE_NS_ASSERTIONS = NO;
				ENABLE_STRICT_OBJC_MSGSEND = YES;
				GCC_C_LANGUAGE_STANDARD = gnu99;
				GCC_NO_COMMON_BLOCKS = YES;
				GCC_WARN_64_TO_32_BIT_CONVERSION = YES;
				GCC_WARN_ABOUT_RETURN_TYPE = YES_ERROR;
				GCC_WARN_UNDECLARED_SELECTOR = YES;
				GCC_WARN_UNINITIALIZED_AUTOS = YES_AGGRESSIVE;
				GCC_WARN_UNUSED_FUNCTION = YES;
				GCC_WARN_UNUSED_VARIABLE = YES;
				IPHONEOS_DEPLOYMENT_TARGET = 9.2;
				MTL_ENABLE_DEBUG_INFO = NO;
				SDKROOT = iphoneos;
				TARGETED_DEVICE_FAMILY = "1,2";
				VALIDATE_PRODUCT = YES;
			};
			name = Release;
		};
		D32471F11C1B0BA300747E5B /* Debug */ = {
			isa = XCBuildConfiguration;
			buildSettings = {
				ASSETCATALOG_COMPILER_APPICON_NAME = AppIcon;
				INFOPLIST_FILE = StackView1/Info.plist;
				LD_RUNPATH_SEARCH_PATHS = "$(inherited) @executable_path/Frameworks";
				PRODUCT_BUNDLE_IDENTIFIER = com.kyp.StackView1;
				PRODUCT_NAME = "$(TARGET_NAME)";
			};
			name = Debug;
		};
		D32471F21C1B0BA300747E5B /* Release */ = {
			isa = XCBuildConfiguration;
			buildSettings = {
				ASSETCATALOG_COMPILER_APPICON_NAME = AppIcon;
				INFOPLIST_FILE = StackView1/Info.plist;
				LD_RUNPATH_SEARCH_PATHS = "$(inherited) @executable_path/Frameworks";
				PRODUCT_BUNDLE_IDENTIFIER = com.kyp.StackView1;
				PRODUCT_NAME = "$(TARGET_NAME)";
			};
			name = Release;
		};
		D32471F41C1B0BA300747E5B /* Debug */ = {
			isa = XCBuildConfiguration;
			buildSettings = {
				BUNDLE_LOADER = "$(TEST_HOST)";
				INFOPLIST_FILE = StackView1Tests/Info.plist;
				LD_RUNPATH_SEARCH_PATHS = "$(inherited) @executable_path/Frameworks @loader_path/Frameworks";
				PRODUCT_BUNDLE_IDENTIFIER = com.kyp.StackView1Tests;
				PRODUCT_NAME = "$(TARGET_NAME)";
				TEST_HOST = "$(BUILT_PRODUCTS_DIR)/StackView1.app/StackView1";
			};
			name = Debug;
		};
		D32471F51C1B0BA300747E5B /* Release */ = {
			isa = XCBuildConfiguration;
			buildSettings = {
				BUNDLE_LOADER = "$(TEST_HOST)";
				INFOPLIST_FILE = StackView1Tests/Info.plist;
				LD_RUNPATH_SEARCH_PATHS = "$(inherited) @executable_path/Frameworks @loader_path/Frameworks";
				PRODUCT_BUNDLE_IDENTIFIER = com.kyp.StackView1Tests;
				PRODUCT_NAME = "$(TARGET_NAME)";
				TEST_HOST = "$(BUILT_PRODUCTS_DIR)/StackView1.app/StackView1";
			};
			name = Release;
		};
		D32471F71C1B0BA300747E5B /* Debug */ = {
			isa = XCBuildConfiguration;
			buildSettings = {
				INFOPLIST_FILE = StackView1UITests/Info.plist;
				LD_RUNPATH_SEARCH_PATHS = "$(inherited) @executable_path/Frameworks @loader_path/Frameworks";
				PRODUCT_BUNDLE_IDENTIFIER = com.kyp.StackView1UITests;
				PRODUCT_NAME = "$(TARGET_NAME)";
				TEST_TARGET_NAME = StackView1;
				USES_XCTRUNNER = YES;
			};
			name = Debug;
		};
		D32471F81C1B0BA300747E5B /* Release */ = {
			isa = XCBuildConfiguration;
			buildSettings = {
				INFOPLIST_FILE = StackView1UITests/Info.plist;
				LD_RUNPATH_SEARCH_PATHS = "$(inherited) @executable_path/Frameworks @loader_path/Frameworks";
				PRODUCT_BUNDLE_IDENTIFIER = com.kyp.StackView1UITests;
				PRODUCT_NAME = "$(TARGET_NAME)";
				TEST_TARGET_NAME = StackView1;
				USES_XCTRUNNER = YES;
			};
			name = Release;
		};
/* End XCBuildConfiguration section */

/* Begin XCConfigurationList section */
		D32471C31C1B0BA300747E5B /* Build configuration list for PBXProject "StackView1" */ = {
			isa = XCConfigurationList;
			buildConfigurations = (
				D32471EE1C1B0BA300747E5B /* Debug */,
				D32471EF1C1B0BA300747E5B /* Release */,
			);
			defaultConfigurationIsVisible = 0;
			defaultConfigurationName = Release;
		};
		D32471F01C1B0BA300747E5B /* Build configuration list for PBXNativeTarget "StackView1" */ = {
			isa = XCConfigurationList;
			buildConfigurations = (
				D32471F11C1B0BA300747E5B /* Debug */,
				D32471F21C1B0BA300747E5B /* Release */,
			);
			defaultConfigurationIsVisible = 0;
		};
		D32471F31C1B0BA300747E5B /* Build configuration list for PBXNativeTarget "StackView1Tests" */ = {
			isa = XCConfigurationList;
			buildConfigurations = (
				D32471F41C1B0BA300747E5B /* Debug */,
				D32471F51C1B0BA300747E5B /* Release */,
			);
			defaultConfigurationIsVisible = 0;
		};
		D32471F61C1B0BA300747E5B /* Build configuration list for PBXNativeTarget "StackView1UITests" */ = {
			isa = XCConfigurationList;
			buildConfigurations = (
				D32471F71C1B0BA300747E5B /* Debug */,
				D32471F81C1B0BA300747E5B /* Release */,
			);
			defaultConfigurationIsVisible = 0;
		};
/* End XCConfigurationList section */
	};
	rootObject = D32471C01C1B0BA300747E5B /* Project object */;
}
